
Microsoft Visual Studio Solution File, Format Version 12.00
# Visual Studio Version 16
VisualStudioVersion = 16.0.31105.61
MinimumVisualStudioVersion = 10.0.40219.1
Project("{FAE04EC0-301F-11D3-BF4B-00C04F79EFBC}") = "Renci.SshNet", "Renci.SshNet\Renci.SshNet.csproj", "{D973BA75-58DC-41F9-AF68-45558F773919}"
EndProject
Global
	GlobalSection(SolutionConfigurationPlatforms) = preSolution
		Debug|Any CPU = Debug|Any CPU
		Release|Any CPU = Release|Any CPU
	EndGlobalSection
	GlobalSection(ProjectConfigurationPlatforms) = postSolution
		{D973BA75-58DC-41F9-AF68-45558F773919}.Debug|Any CPU.ActiveCfg = Debug|Any CPU
		{D973BA75-58DC-41F9-AF68-45558F773919}.Debug|Any CPU.Build.0 = Debug|Any CPU
		{D973BA75-58DC-41F9-AF68-45558F773919}.Release|Any CPU.ActiveCfg = Release|Any CPU
		{D973BA75-58DC-41F9-AF68-45558F773919}.Release|Any CPU.Build.0 = Release|Any CPU
	EndGlobalSection
	GlobalSection(SolutionProperties) = preSolution
		HideSolutionNode = FALSE
	EndGlobalSection
	GlobalSection(ExtensibilityGlobals) = postSolution
		SolutionGuid = {58B9ED83-50D0-4E86-8BE4-7DC25E1D9FA3}
	EndGlobalSection
EndGlobal
